
Microsoft Visual Studio Solution File, Format Version 12.00
# Visual Studio Version 17
VisualStudioVersion = 17.7.33906.173
MinimumVisualStudioVersion = 10.0.40219.1
Project("{9A19103F-16F7-4668-BE54-9A1E7A4F7556}") = "CrudOperations", "CrudOperations.csproj", "{DF171ACE-B7E8-4AB0-863C-1A857CAA4326}"
EndProject
Global
	GlobalSection(SolutionConfigurationPlatforms) = preSolution
		Debug|Any CPU = Debug|Any CPU
		Release|Any CPU = Release|Any CPU
	EndGlobalSection
	GlobalSection(ProjectConfigurationPlatforms) = postSolution
		{DF171ACE-B7E8-4AB0-863C-1A857CAA4326}.Debug|Any CPU.ActiveCfg = Debug|Any CPU
		{DF171ACE-B7E8-4AB0-863C-1A857CAA4326}.Debug|Any CPU.Build.0 = Debug|Any CPU
		{DF171ACE-B7E8-4AB0-863C-1A857CAA4326}.Debug|Any CPU.Deploy.0 = Debug|Any CPU
		{DF171ACE-B7E8-4AB0-863C-1A857CAA4326}.Release|Any CPU.ActiveCfg = Release|Any CPU
		{DF171ACE-B7E8-4AB0-863C-1A857CAA4326}.Release|Any CPU.Build.0 = Release|Any CPU
		{DF171ACE-B7E8-4AB0-863C-1A857CAA4326}.Release|Any CPU.Deploy.0 = Release|Any CPU
	EndGlobalSection
	GlobalSection(SolutionProperties) = preSolution
		HideSolutionNode = FALSE
	EndGlobalSection
	GlobalSection(ExtensibilityGlobals) = postSolution
		SolutionGuid = {CC3D0A56-96C0-411A-896E-4B423E12AC44}
	EndGlobalSection
EndGlobal
