
Microsoft Visual Studio Solution File, Format Version 12.00
# Visual Studio Version 17
VisualStudioVersion = 17.0.31521.260
MinimumVisualStudioVersion = 10.0.40219.1
Project("{9A19103F-16F7-4668-BE54-9A1E7A4F7556}") = "CollectionViewExample", "CollectionViewExample\CollectionViewExample.csproj", "{E61BC6C3-83BE-456F-8C59-3DC25F178BF7}"
EndProject
Project("{FAE04EC0-301F-11D3-BF4B-00C04F79EFBC}") = "CollectionViewSelection", "CollectionViewSelection\CollectionViewSelection.csproj", "{B899E04B-E659-43AA-BE1E-21EEAC751442}"
EndProject
Project("{FAE04EC0-301F-11D3-BF4B-00C04F79EFBC}") = "CollectionViewPullToRefresh", "CollectionViewPullToRefresh\CollectionViewPullToRefresh.csproj", "{BA0C36FC-1C7E-41D4-9F10-1B37A6583AE7}"
EndProject
Project("{FAE04EC0-301F-11D3-BF4B-00C04F79EFBC}") = "CollectionViewLoadMore", "CollectionViewLoadMore\InfiniteScrollingExample.csproj", "{B835B020-0986-4DFD-B52B-258D4CFA4AF3}"
EndProject
Project("{FAE04EC0-301F-11D3-BF4B-00C04F79EFBC}") = "CollectionViewSwipe", "CollectionViewSwipe\CollectionViewSwipe.csproj", "{97D6955D-0382-4F1C-A6C4-29BA8A86B8A1}"
EndProject
Project("{FAE04EC0-301F-11D3-BF4B-00C04F79EFBC}") = "ContextMenuPopup", "ContextMenuPopup\CS\PopupContextMenuActions.csproj", "{90EA0288-989D-4180-BFFA-C88705C1DB1A}"
EndProject
Global
	GlobalSection(SolutionConfigurationPlatforms) = preSolution
		Debug|Any CPU = Debug|Any CPU
		Release|Any CPU = Release|Any CPU
	EndGlobalSection
	GlobalSection(ProjectConfigurationPlatforms) = postSolution
		{E61BC6C3-83BE-456F-8C59-3DC25F178BF7}.Debug|Any CPU.ActiveCfg = Debug|Any CPU
		{E61BC6C3-83BE-456F-8C59-3DC25F178BF7}.Debug|Any CPU.Build.0 = Debug|Any CPU
		{E61BC6C3-83BE-456F-8C59-3DC25F178BF7}.Debug|Any CPU.Deploy.0 = Debug|Any CPU
		{E61BC6C3-83BE-456F-8C59-3DC25F178BF7}.Release|Any CPU.ActiveCfg = Release|Any CPU
		{E61BC6C3-83BE-456F-8C59-3DC25F178BF7}.Release|Any CPU.Build.0 = Release|Any CPU
		{E61BC6C3-83BE-456F-8C59-3DC25F178BF7}.Release|Any CPU.Deploy.0 = Release|Any CPU
		{B899E04B-E659-43AA-BE1E-21EEAC751442}.Debug|Any CPU.ActiveCfg = Debug|Any CPU
		{B899E04B-E659-43AA-BE1E-21EEAC751442}.Debug|Any CPU.Build.0 = Debug|Any CPU
		{B899E04B-E659-43AA-BE1E-21EEAC751442}.Debug|Any CPU.Deploy.0 = Debug|Any CPU
		{B899E04B-E659-43AA-BE1E-21EEAC751442}.Release|Any CPU.ActiveCfg = Release|Any CPU
		{B899E04B-E659-43AA-BE1E-21EEAC751442}.Release|Any CPU.Build.0 = Release|Any CPU
		{B899E04B-E659-43AA-BE1E-21EEAC751442}.Release|Any CPU.Deploy.0 = Release|Any CPU
		{BA0C36FC-1C7E-41D4-9F10-1B37A6583AE7}.Debug|Any CPU.ActiveCfg = Debug|Any CPU
		{BA0C36FC-1C7E-41D4-9F10-1B37A6583AE7}.Debug|Any CPU.Build.0 = Debug|Any CPU
		{BA0C36FC-1C7E-41D4-9F10-1B37A6583AE7}.Debug|Any CPU.Deploy.0 = Debug|Any CPU
		{BA0C36FC-1C7E-41D4-9F10-1B37A6583AE7}.Release|Any CPU.ActiveCfg = Release|Any CPU
		{BA0C36FC-1C7E-41D4-9F10-1B37A6583AE7}.Release|Any CPU.Build.0 = Release|Any CPU
		{BA0C36FC-1C7E-41D4-9F10-1B37A6583AE7}.Release|Any CPU.Deploy.0 = Release|Any CPU
		{B835B020-0986-4DFD-B52B-258D4CFA4AF3}.Debug|Any CPU.ActiveCfg = Debug|Any CPU
		{B835B020-0986-4DFD-B52B-258D4CFA4AF3}.Debug|Any CPU.Build.0 = Debug|Any CPU
		{B835B020-0986-4DFD-B52B-258D4CFA4AF3}.Debug|Any CPU.Deploy.0 = Debug|Any CPU
		{B835B020-0986-4DFD-B52B-258D4CFA4AF3}.Release|Any CPU.ActiveCfg = Release|Any CPU
		{B835B020-0986-4DFD-B52B-258D4CFA4AF3}.Release|Any CPU.Build.0 = Release|Any CPU
		{B835B020-0986-4DFD-B52B-258D4CFA4AF3}.Release|Any CPU.Deploy.0 = Release|Any CPU
		{97D6955D-0382-4F1C-A6C4-29BA8A86B8A1}.Debug|Any CPU.ActiveCfg = Debug|Any CPU
		{97D6955D-0382-4F1C-A6C4-29BA8A86B8A1}.Debug|Any CPU.Build.0 = Debug|Any CPU
		{97D6955D-0382-4F1C-A6C4-29BA8A86B8A1}.Debug|Any CPU.Deploy.0 = Debug|Any CPU
		{97D6955D-0382-4F1C-A6C4-29BA8A86B8A1}.Release|Any CPU.ActiveCfg = Release|Any CPU
		{97D6955D-0382-4F1C-A6C4-29BA8A86B8A1}.Release|Any CPU.Build.0 = Release|Any CPU
		{97D6955D-0382-4F1C-A6C4-29BA8A86B8A1}.Release|Any CPU.Deploy.0 = Release|Any CPU
		{90EA0288-989D-4180-BFFA-C88705C1DB1A}.Debug|Any CPU.ActiveCfg = Debug|Any CPU
		{90EA0288-989D-4180-BFFA-C88705C1DB1A}.Debug|Any CPU.Build.0 = Debug|Any CPU
		{90EA0288-989D-4180-BFFA-C88705C1DB1A}.Debug|Any CPU.Deploy.0 = Debug|Any CPU
		{90EA0288-989D-4180-BFFA-C88705C1DB1A}.Release|Any CPU.ActiveCfg = Release|Any CPU
		{90EA0288-989D-4180-BFFA-C88705C1DB1A}.Release|Any CPU.Build.0 = Release|Any CPU
		{90EA0288-989D-4180-BFFA-C88705C1DB1A}.Release|Any CPU.Deploy.0 = Release|Any CPU
	EndGlobalSection
	GlobalSection(SolutionProperties) = preSolution
		HideSolutionNode = FALSE
	EndGlobalSection
	GlobalSection(ExtensibilityGlobals) = postSolution
		SolutionGuid = {61F7FB11-1E47-470C-91E2-47F8143E1572}
	EndGlobalSection
EndGlobal
