
Microsoft Visual Studio Solution File, Format Version 12.00
# Visual Studio Version 17
VisualStudioVersion = 17.7.33906.173
MinimumVisualStudioVersion = 10.0.40219.1
Project("{FAE04EC0-301F-11D3-BF4B-00C04F79EFBC}") = "CollectionViewFilteringUI", "CollectionViewFilteringUI\CollectionViewFilteringUI.csproj", "{8E8A97ED-259C-4CAA-83BC-00C6555A50ED}"
EndProject
Global
	GlobalSection(SolutionConfigurationPlatforms) = preSolution
		Debug|Any CPU = Debug|Any CPU
		Release|Any CPU = Release|Any CPU
	EndGlobalSection
	GlobalSection(ProjectConfigurationPlatforms) = postSolution
		{8E8A97ED-259C-4CAA-83BC-00C6555A50ED}.Debug|Any CPU.ActiveCfg = Debug|Any CPU
		{8E8A97ED-259C-4CAA-83BC-00C6555A50ED}.Debug|Any CPU.Build.0 = Debug|Any CPU
		{8E8A97ED-259C-4CAA-83BC-00C6555A50ED}.Debug|Any CPU.Deploy.0 = Debug|Any CPU
		{8E8A97ED-259C-4CAA-83BC-00C6555A50ED}.Release|Any CPU.ActiveCfg = Release|Any CPU
		{8E8A97ED-259C-4CAA-83BC-00C6555A50ED}.Release|Any CPU.Build.0 = Release|Any CPU
		{8E8A97ED-259C-4CAA-83BC-00C6555A50ED}.Release|Any CPU.Deploy.0 = Release|Any CPU
	EndGlobalSection
	GlobalSection(SolutionProperties) = preSolution
		HideSolutionNode = FALSE
	EndGlobalSection
	GlobalSection(ExtensibilityGlobals) = postSolution
		SolutionGuid = {371E3EA1-7084-45E8-86A4-D2CB48862A7A}
	EndGlobalSection
EndGlobal
